{
  "name": "get-random",
  "version": "1.0.0",
  "lockfileVersion": 1,
  "requires": true,
  "dependencies": {
    "@types/node": {
      "version": "8.0.29",
      "resolved": "http://registry.npm.taobao.org/@types/node/download/@types/node-8.0.29.tgz",
      "integrity": "sha1-TWsz32axVhG0BFKlgcQNnJQ0G6E=",
      "dev": true
    },
    "@types/source-map": {
      "version": "0.5.1",
      "resolved": "http://registry.npm.taobao.org/@types/source-map/download/@types/source-map-0.5.1.tgz",
      "integrity": "sha1-fnTbXQarNzpxI1buv66i+tDqI2c=",
      "dev": true
    },
    "@types/tapable": {
      "version": "0.2.4",
      "resolved": "http://registry.npm.taobao.org/@types/tapable/download/@types/tapable-0.2.4.tgz",
      "integrity": "sha1-gYGiKNpGGFQ5MA5gDFrjs7OYJYU=",
      "dev": true
    },
    "@types/uglify-js": {
      "version": "2.6.29",
      "resolved": "http://registry.npm.taobao.org/@types/uglify-js/download/@types/uglify-js-2.6.29.tgz",
      "integrity": "sha1-UhNH9p4gIB0hj1mRrmbhCHivzxo=",
      "dev": true,
      "requires": {
        "@types/source-map": "0.5.1"
      }
    },
    "@types/webpack": {
      "version": "3.0.11",
      "resolved": "http://registry.npm.taobao.org/@types/webpack/download/@types/webpack-3.0.11.tgz",
      "integrity": "sha1-2rrxT3WmqI5m3z9qsTuMHYjIPZY=",
      "dev": true,
      "requires": {
        "@types/node": "8.0.29",
        "@types/tapable": "0.2.4",
        "@types/uglify-js": "2.6.29"
      }
    }
  }
}
